
Microsoft Visual Studio Solution File, Format Version 12.00
# Visual Studio Version 16
VisualStudioVersion = 16.0.32126.315
MinimumVisualStudioVersion = 10.0.40219.1
Project("{9A19103F-16F7-4668-BE54-9A1E7A4F7556}") = "LABA_WebPortal_Corporate", "LABA_WebPortal_Corporate\LABA_WebPortal_Corporate.csproj", "{D006CEF5-66F5-4FAC-A4BE-C5CE09017E0A}"
EndProject
Project("{9A19103F-16F7-4668-BE54-9A1E7A4F7556}") = "LABA_WebAdmin_Corporate", "LABA_WebAdmin_Corporate\LABA_WebAdmin_Corporate.csproj", "{5801DF5F-EA48-4A07-8B36-F3558C156D32}"
EndProject
Global
	GlobalSection(SolutionConfigurationPlatforms) = preSolution
		Debug|Any CPU = Debug|Any CPU
		Release|Any CPU = Release|Any CPU
	EndGlobalSection
	GlobalSection(ProjectConfigurationPlatforms) = postSolution
		{D006CEF5-66F5-4FAC-A4BE-C5CE09017E0A}.Debug|Any CPU.ActiveCfg = Debug|Any CPU
		{D006CEF5-66F5-4FAC-A4BE-C5CE09017E0A}.Debug|Any CPU.Build.0 = Debug|Any CPU
		{D006CEF5-66F5-4FAC-A4BE-C5CE09017E0A}.Release|Any CPU.ActiveCfg = Release|Any CPU
		{D006CEF5-66F5-4FAC-A4BE-C5CE09017E0A}.Release|Any CPU.Build.0 = Release|Any CPU
		{5801DF5F-EA48-4A07-8B36-F3558C156D32}.Debug|Any CPU.ActiveCfg = Debug|Any CPU
		{5801DF5F-EA48-4A07-8B36-F3558C156D32}.Debug|Any CPU.Build.0 = Debug|Any CPU
		{5801DF5F-EA48-4A07-8B36-F3558C156D32}.Release|Any CPU.ActiveCfg = Release|Any CPU
		{5801DF5F-EA48-4A07-8B36-F3558C156D32}.Release|Any CPU.Build.0 = Release|Any CPU
	EndGlobalSection
	GlobalSection(SolutionProperties) = preSolution
		HideSolutionNode = FALSE
	EndGlobalSection
	GlobalSection(ExtensibilityGlobals) = postSolution
		SolutionGuid = {3EF9F528-61CB-4647-984B-357CDDCFDE3C}
	EndGlobalSection
EndGlobal
